
Microsoft Visual Studio Solution File, Format Version 12.00
# Visual Studio 2013
VisualStudioVersion = 12.0.21005.1
MinimumVisualStudioVersion = 10.0.40219.1
Project("{FAE04EC0-301F-11D3-BF4B-00C04F79EFBC}") = "cscmdlets.tests", "test\cscmdlets.tests.csproj", "{807E79D9-94EF-4C05-A806-4684369AC875}"
EndProject
Project("{FAE04EC0-301F-11D3-BF4B-00C04F79EFBC}") = "cscmdlets", "cscmdlets\cscmdlets.csproj", "{93A19109-B89A-49FE-93FC-CFFA69785672}"
EndProject
Global
	GlobalSection(SolutionConfigurationPlatforms) = preSolution
		Debug|Any CPU = Debug|Any CPU
		Debug|Mixed Platforms = Debug|Mixed Platforms
		Debug|x64 = Debug|x64
		Debug|x86 = Debug|x86
		Release|Any CPU = Release|Any CPU
		Release|Mixed Platforms = Release|Mixed Platforms
		Release|x64 = Release|x64
		Release|x86 = Release|x86
	EndGlobalSection
	GlobalSection(ProjectConfigurationPlatforms) = postSolution
		{807E79D9-94EF-4C05-A806-4684369AC875}.Debug|Any CPU.ActiveCfg = Debug|Any CPU
		{807E79D9-94EF-4C05-A806-4684369AC875}.Debug|Any CPU.Build.0 = Debug|Any CPU
		{807E79D9-94EF-4C05-A806-4684369AC875}.Debug|Mixed Platforms.ActiveCfg = Debug|Any CPU
		{807E79D9-94EF-4C05-A806-4684369AC875}.Debug|Mixed Platforms.Build.0 = Debug|Any CPU
		{807E79D9-94EF-4C05-A806-4684369AC875}.Debug|x64.ActiveCfg = Debug|Any CPU
		{807E79D9-94EF-4C05-A806-4684369AC875}.Debug|x86.ActiveCfg = Debug|Any CPU
		{807E79D9-94EF-4C05-A806-4684369AC875}.Release|Any CPU.ActiveCfg = Release|Any CPU
		{807E79D9-94EF-4C05-A806-4684369AC875}.Release|Any CPU.Build.0 = Release|Any CPU
		{807E79D9-94EF-4C05-A806-4684369AC875}.Release|Mixed Platforms.ActiveCfg = Release|Any CPU
		{807E79D9-94EF-4C05-A806-4684369AC875}.Release|Mixed Platforms.Build.0 = Release|Any CPU
		{807E79D9-94EF-4C05-A806-4684369AC875}.Release|x64.ActiveCfg = Release|Any CPU
		{807E79D9-94EF-4C05-A806-4684369AC875}.Release|x86.ActiveCfg = Release|Any CPU
		{93A19109-B89A-49FE-93FC-CFFA69785672}.Debug|Any CPU.ActiveCfg = Debug|Any CPU
		{93A19109-B89A-49FE-93FC-CFFA69785672}.Debug|Any CPU.Build.0 = Debug|Any CPU
		{93A19109-B89A-49FE-93FC-CFFA69785672}.Debug|Mixed Platforms.ActiveCfg = Debug|Any CPU
		{93A19109-B89A-49FE-93FC-CFFA69785672}.Debug|Mixed Platforms.Build.0 = Debug|Any CPU
		{93A19109-B89A-49FE-93FC-CFFA69785672}.Debug|x64.ActiveCfg = Debug|Any CPU
		{93A19109-B89A-49FE-93FC-CFFA69785672}.Debug|x86.ActiveCfg = Debug|Any CPU
		{93A19109-B89A-49FE-93FC-CFFA69785672}.Release|Any CPU.ActiveCfg = Release|Any CPU
		{93A19109-B89A-49FE-93FC-CFFA69785672}.Release|Any CPU.Build.0 = Release|Any CPU
		{93A19109-B89A-49FE-93FC-CFFA69785672}.Release|Mixed Platforms.ActiveCfg = Release|Any CPU
		{93A19109-B89A-49FE-93FC-CFFA69785672}.Release|Mixed Platforms.Build.0 = Release|Any CPU
		{93A19109-B89A-49FE-93FC-CFFA69785672}.Release|x64.ActiveCfg = Release|Any CPU
		{93A19109-B89A-49FE-93FC-CFFA69785672}.Release|x86.ActiveCfg = Release|Any CPU
	EndGlobalSection
	GlobalSection(SolutionProperties) = preSolution
		HideSolutionNode = FALSE
	EndGlobalSection
EndGlobal
